
Microsoft Visual Studio Solution File, Format Version 12.00
# Visual Studio 15
VisualStudioVersion = 15.0.28307.271
MinimumVisualStudioVersion = 10.0.40219.1
Project("{FAE04EC0-301F-11D3-BF4B-00C04F79EFBC}") = "AspNetCoreAutoFacExample", "AspNetCoreAutoFacExample\AspNetCoreAutoFacExample.csproj", "{6B24803E-5B79-41C7-839B-99470AD4995E}"
EndProject
Project("{FAE04EC0-301F-11D3-BF4B-00C04F79EFBC}") = "AspNetAutoFacExample", "AspNetAutoFacExample\AspNetAutoFacExample.csproj", "{AEE2CD92-FD0E-4713-BFF7-E07075917D46}"
EndProject
Global
	GlobalSection(SolutionConfigurationPlatforms) = preSolution
		Debug|Any CPU = Debug|Any CPU
		Release|Any CPU = Release|Any CPU
	EndGlobalSection
	GlobalSection(ProjectConfigurationPlatforms) = postSolution
		{6B24803E-5B79-41C7-839B-99470AD4995E}.Debug|Any CPU.ActiveCfg = Debug|Any CPU
		{6B24803E-5B79-41C7-839B-99470AD4995E}.Debug|Any CPU.Build.0 = Debug|Any CPU
		{6B24803E-5B79-41C7-839B-99470AD4995E}.Release|Any CPU.ActiveCfg = Release|Any CPU
		{6B24803E-5B79-41C7-839B-99470AD4995E}.Release|Any CPU.Build.0 = Release|Any CPU
		{AEE2CD92-FD0E-4713-BFF7-E07075917D46}.Debug|Any CPU.ActiveCfg = Debug|Any CPU
		{AEE2CD92-FD0E-4713-BFF7-E07075917D46}.Debug|Any CPU.Build.0 = Debug|Any CPU
		{AEE2CD92-FD0E-4713-BFF7-E07075917D46}.Release|Any CPU.ActiveCfg = Release|Any CPU
		{AEE2CD92-FD0E-4713-BFF7-E07075917D46}.Release|Any CPU.Build.0 = Release|Any CPU
	EndGlobalSection
	GlobalSection(SolutionProperties) = preSolution
		HideSolutionNode = FALSE
	EndGlobalSection
	GlobalSection(ExtensibilityGlobals) = postSolution
		SolutionGuid = {FA7A9BCC-E2B3-491B-B7F3-24484F3C0933}
	EndGlobalSection
EndGlobal
